
Microsoft Visual Studio Solution File, Format Version 12.00
Project("{FAE04EC0-301F-11D3-BF4B-00C04F79EFBC}") = "APBD_EF", "APBD_EF\APBD_EF.csproj", "{F2B5A757-113C-4EAE-BA9B-F9D673B66ECB}"
EndProject
Global
	GlobalSection(SolutionConfigurationPlatforms) = preSolution
		Debug|Any CPU = Debug|Any CPU
		Release|Any CPU = Release|Any CPU
	EndGlobalSection
	GlobalSection(ProjectConfigurationPlatforms) = postSolution
		{F2B5A757-113C-4EAE-BA9B-F9D673B66ECB}.Debug|Any CPU.ActiveCfg = Debug|Any CPU
		{F2B5A757-113C-4EAE-BA9B-F9D673B66ECB}.Debug|Any CPU.Build.0 = Debug|Any CPU
		{F2B5A757-113C-4EAE-BA9B-F9D673B66ECB}.Release|Any CPU.ActiveCfg = Release|Any CPU
		{F2B5A757-113C-4EAE-BA9B-F9D673B66ECB}.Release|Any CPU.Build.0 = Release|Any CPU
	EndGlobalSection
EndGlobal
